
Microsoft Visual Studio Solution File, Format Version 12.00
# Visual Studio Version 16
VisualStudioVersion = 16.0.30413.136
MinimumVisualStudioVersion = 10.0.40219.1
Project("{9A19103F-16F7-4668-BE54-9A1E7A4F7556}") = "lib", "lib\lib.csproj", "{7AE6BDFC-E345-4D5E-8840-CBA782206B12}"
EndProject
Project("{9A19103F-16F7-4668-BE54-9A1E7A4F7556}") = "Mesaurement_REST", "Mesaurement_REST\Mesaurement_REST.csproj", "{220CD5A2-BD17-4C4A-B57E-0367F13C83EB}"
EndProject
Global
	GlobalSection(SolutionConfigurationPlatforms) = preSolution
		Debug|Any CPU = Debug|Any CPU
		Release|Any CPU = Release|Any CPU
	EndGlobalSection
	GlobalSection(ProjectConfigurationPlatforms) = postSolution
		{7AE6BDFC-E345-4D5E-8840-CBA782206B12}.Debug|Any CPU.ActiveCfg = Debug|Any CPU
		{7AE6BDFC-E345-4D5E-8840-CBA782206B12}.Debug|Any CPU.Build.0 = Debug|Any CPU
		{7AE6BDFC-E345-4D5E-8840-CBA782206B12}.Release|Any CPU.ActiveCfg = Release|Any CPU
		{7AE6BDFC-E345-4D5E-8840-CBA782206B12}.Release|Any CPU.Build.0 = Release|Any CPU
		{220CD5A2-BD17-4C4A-B57E-0367F13C83EB}.Debug|Any CPU.ActiveCfg = Debug|Any CPU
		{220CD5A2-BD17-4C4A-B57E-0367F13C83EB}.Debug|Any CPU.Build.0 = Debug|Any CPU
		{220CD5A2-BD17-4C4A-B57E-0367F13C83EB}.Release|Any CPU.ActiveCfg = Release|Any CPU
		{220CD5A2-BD17-4C4A-B57E-0367F13C83EB}.Release|Any CPU.Build.0 = Release|Any CPU
	EndGlobalSection
	GlobalSection(SolutionProperties) = preSolution
		HideSolutionNode = FALSE
	EndGlobalSection
	GlobalSection(ExtensibilityGlobals) = postSolution
		SolutionGuid = {BD2B6372-2478-4382-9B5D-EC9AFD4DE97F}
	EndGlobalSection
EndGlobal
